{
  "nodes": {
    "copier-flake": {
      "inputs": {
        "nixpkgs": "nixpkgs"
      },
      "locked": {
        "lastModified": 1773235718,
        "narHash": "sha256-jpAQLKwZoH1a/OgtoIho34mRVKwh1sIloSjChAbXWwE=",
        "owner": "gordon-code",
        "repo": "copier-flake",
        "rev": "c7a313453cb6255654c8a0eb081555280fd8fda6",
        "type": "github"
      },
      "original": {
        "owner": "gordon-code",
        "repo": "copier-flake",
        "rev": "c7a313453cb6255654c8a0eb081555280fd8fda6",
        "type": "github"
      }
    },
    "nixpkgs": {
      "locked": {
        "lastModified": 1772963539,
        "narHash": "sha256-9jVDGZnvCckTGdYT53d/EfznygLskyLQXYwJLKMPsZs=",
        "owner": "NixOS",
        "repo": "nixpkgs",
        "rev": "9dcb002ca1690658be4a04645215baea8b95f31d",
        "type": "github"
      },
      "original": {
        "owner": "NixOS",
        "ref": "nixos-unstable",
        "repo": "nixpkgs",
        "type": "github"
      }
    },
    "nixpkgs_2": {
      "locked": {
        "lastModified": 1773122722,
        "narHash": "sha256-FIqHByVqxCprNjor1NqF80F2QQoiiyqanNNefdlvOg4=",
        "owner": "NixOS",
        "repo": "nixpkgs",
        "rev": "62dc67aa6a52b4364dd75994ec00b51fbf474e50",
        "type": "github"
      },
      "original": {
        "owner": "NixOS",
        "ref": "nixos-unstable",
        "repo": "nixpkgs",
        "type": "github"
      }
    },
    "root": {
      "inputs": {
        "copier-flake": "copier-flake",
        "nixpkgs": "nixpkgs_2"
      }
    }
  },
  "root": "root",
  "version": 7
}
